lockfileVersion: '9.0'

settings:
  autoInstallPeers: true
  excludeLinksFromLockfile: false

importers:

  .:
    dependencies:
      nodemailer:
        specifier: ^9.0.3
        version: 9.0.3

packages:

  nodemailer@9.0.3:
    resolution: {integrity: sha512-n+YP+NKwR5zRWa60k3GiQ6Q3B4KXCoAw40dAKeCtYn020iNN74aWK2liXIC3ZEATeGql7we3tE3t8QwhY0eskw==}
    engines: {node: '>=6.0.0'}

snapshots:

  nodemailer@9.0.3: {}
